<?xml version="1.0" encoding="utf-8"?>
<Project ToolsVersion="4.0" xmlns="http://schemas.microsoft.com/developer/msbuild/2003">
  <ItemGroup>
    <Filter Include="ソース ファイル">
      <UniqueIdentifier>{4FC737F1-C7A5-4376-A066-2A32D752A2FF}</UniqueIdentifier>
      <Extensions>cpp;c;cc;cxx;def;odl;idl;hpj;bat;asm;asmx</Extensions>
    </Filter>
    <Filter Include="リソース ファイル">
      <UniqueIdentifier>{67DA6AB6-F800-4c08-8B7A-83BB121AAD01}</UniqueIdentifier>
      <Extensions>rc;ico;cur;bmp;dlg;rc2;rct;bin;rgs;gif;jpg;jpeg;jpe;resx;tiff;tif;png;wav;mfcribbon-ms</Extensions>
    </Filter>
    <Filter Include="ソース ファイル\Interface">
      <UniqueIdentifier>{6958bea7-901f-4509-a267-eeeb502ebf24}</UniqueIdentifier>
    </Filter>
    <Filter Include="ソース ファイル\Menu">
      <UniqueIdentifier>{14e421b9-fd95-47d7-91bc-1bd5f44d6bf2}</UniqueIdentifier>
    </Filter>
    <Filter Include="ソース ファイル\UI">
      <UniqueIdentifier>{cba850ef-a463-4367-ae0f-2849b80b6c74}</UniqueIdentifier>
    </Filter>
    <Filter Include="ソース ファイル\UI\Slider">
      <UniqueIdentifier>{7e101e4d-a843-4922-9bab-9a1509e72b38}</UniqueIdentifier>
    </Filter>
    <Filter Include="ソース ファイル\UI\Button">
      <UniqueIdentifier>{c0ccf73d-ff63-4b72-845f-dd1b3334b46f}</UniqueIdentifier>
    </Filter>
    <Filter Include="ソース ファイル\Menu\SettingManager">
      <UniqueIdentifier>{cb099dee-c207-450c-a9c4-bed3d7bd753d}</UniqueIdentifier>
    </Filter>
    <Filter Include="ソース ファイル\Menu\SettingManager\SetUpSetting">
      <UniqueIdentifier>{af1855bd-797e-46aa-9e48-9f29292dca7a}</UniqueIdentifier>
    </Filter>
    <Filter Include="ソース ファイル\Scene">
      <UniqueIdentifier>{93934022-e01d-4d07-afc2-50d6bbbacd25}</UniqueIdentifier>
    </Filter>
    <Filter Include="ソース ファイル\Scene\ContactFile">
      <UniqueIdentifier>{e9b3f711-f046-452b-b5d2-a76e6662195d}</UniqueIdentifier>
    </Filter>
    <Filter Include="ソース ファイル\Scene\GameScene">
      <UniqueIdentifier>{7a1eff15-0d49-4c5e-9642-65ba8353c068}</UniqueIdentifier>
    </Filter>
    <Filter Include="ソース ファイル\Scene\GameScene\FieldUI">
      <UniqueIdentifier>{e0288a8b-2b26-4472-b8ac-88de56ea53b1}</UniqueIdentifier>
    </Filter>
    <Filter Include="ソース ファイル\Scene\GameScene\FieldUI\RemainningDump">
      <UniqueIdentifier>{73009d71-3341-49f0-b938-fbb83d857334}</UniqueIdentifier>
    </Filter>
    <Filter Include="ソース ファイル\Scene\GameScene\FieldUI\EnergyUI">
      <UniqueIdentifier>{3fb623dd-534d-4c0f-a7d2-d3954fe91928}</UniqueIdentifier>
    </Filter>
    <Filter Include="ソース ファイル\Scene\GameScene\EndGameProcess">
      <UniqueIdentifier>{387d070d-2621-4043-9612-081dceeaa528}</UniqueIdentifier>
    </Filter>
    <Filter Include="ソース ファイル\Scene\GameScene\Field">
      <UniqueIdentifier>{a8e4a4f3-3938-4a36-ad39-bde9519aa032}</UniqueIdentifier>
    </Filter>
    <Filter Include="ソース ファイル\Scene\GameScene\Field\BlockManager">
      <UniqueIdentifier>{7ff9268f-cc25-46c2-bac3-3099a1b3a322}</UniqueIdentifier>
    </Filter>
    <Filter Include="ソース ファイル\Scene\GameScene\Field\BlockManager\Object">
      <UniqueIdentifier>{4c867a4f-ad7c-45c9-9605-3faedbf79073}</UniqueIdentifier>
    </Filter>
    <Filter Include="ソース ファイル\Scene\TitleScene">
      <UniqueIdentifier>{d355c8fb-3574-4325-9b91-3afbed38e2a2}</UniqueIdentifier>
    </Filter>
    <Filter Include="ソース ファイル\Scene\StageSelectScene">
      <UniqueIdentifier>{e0cbfe92-2b12-4faa-8eb0-bbe219cafb77}</UniqueIdentifier>
    </Filter>
    <Filter Include="ソース ファイル\Scene\StageSelectScene\BarManager">
      <UniqueIdentifier>{db711112-292a-43c0-8905-1d947db95d03}</UniqueIdentifier>
    </Filter>
    <Filter Include="ソース ファイル\Scene\GameScene\Field\Doll">
      <UniqueIdentifier>{cb65fd1d-fbb2-4019-b623-1d252ef52348}</UniqueIdentifier>
    </Filter>
    <Filter Include="ソース ファイル\Scene\GameScene\EndGameProcess\GameClear">
      <UniqueIdentifier>{73bfc494-cf70-4005-87e1-8b3e44d786e2}</UniqueIdentifier>
    </Filter>
    <Filter Include="ソース ファイル\Scene\GameScene\EndGameProcess\GameOver">
      <UniqueIdentifier>{d83f4657-a914-436e-b0c4-3903a42ce6c6}</UniqueIdentifier>
    </Filter>
    <Filter Include="ソース ファイル\Scene\GalleryScene">
      <UniqueIdentifier>{ae3f877f-fdd4-4ceb-8d08-30673d7deae1}</UniqueIdentifier>
    </Filter>
    <Filter Include="ソース ファイル\Scene\GameScene\EndGameProcess\GameOver\Animation">
      <UniqueIdentifier>{dfe4250d-06a1-4184-9b30-d5ee6e703fff}</UniqueIdentifier>
    </Filter>
    <Filter Include="ソース ファイル\Scene\GameScene\EndGameProcess\GameClear\Animation">
      <UniqueIdentifier>{93ecb077-1e35-4f33-bd89-1f2f09ca4615}</UniqueIdentifier>
    </Filter>
    <Filter Include="ソース ファイル\Scene\GameScene\EndGameProcess\EndGameButton">
      <UniqueIdentifier>{e9c96865-c321-46bd-8b7e-9577162e512f}</UniqueIdentifier>
    </Filter>
    <Filter Include="ソース ファイル\Scene\Effect">
      <UniqueIdentifier>{7b766522-eb19-4355-8dd4-ea5843387e62}</UniqueIdentifier>
    </Filter>
    <Filter Include="ソース ファイル\Scene\TitleScene\Animation">
      <UniqueIdentifier>{f767e989-0e97-4e47-b2cf-fefe10d4691c}</UniqueIdentifier>
    </Filter>
    <Filter Include="ソース ファイル\Scene\GameScene\EndGameProcess\EndTutorial">
      <UniqueIdentifier>{c7cc2745-923e-4096-a6cb-b6da8fe8d073}</UniqueIdentifier>
    </Filter>
    <Filter Include="ソース ファイル\Scene\GameScene\EndGameProcess\EndTutorial\Animation">
      <UniqueIdentifier>{d8342349-6b80-4646-8e79-ca754a3b0b1b}</UniqueIdentifier>
    </Filter>
    <Filter Include="ソース ファイル\Scene\GameScene\Tutorial">
      <UniqueIdentifier>{425e3c01-ea50-4cd1-80f0-08d1047b7d92}</UniqueIdentifier>
    </Filter>
    <Filter Include="ソース ファイル\Scene\StageSelectScene\Animation">
      <UniqueIdentifier>{a06bc11c-93fa-41bd-bfad-9b059217930d}</UniqueIdentifier>
    </Filter>
    <Filter Include="ソース ファイル\Scene\GameScene\Field\Doll\Animation">
      <UniqueIdentifier>{412fc54d-0acb-4860-a636-2af4bb0057d8}</UniqueIdentifier>
    </Filter>
    <Filter Include="ソース ファイル\Sound">
      <UniqueIdentifier>{495611f8-5d3e-4fa7-9d8e-8bdc534bb047}</UniqueIdentifier>
    </Filter>
    <Filter Include="ソース ファイル\Utility">
      <UniqueIdentifier>{c0b494d7-c470-4664-b741-db1754e2ddc5}</UniqueIdentifier>
    </Filter>
    <Filter Include="ソース ファイル\UI\BackGround">
      <UniqueIdentifier>{809244a6-859d-4a9e-9774-b32a9414de70}</UniqueIdentifier>
    </Filter>
    <Filter Include="ソース ファイル\Utility\Trim">
      <UniqueIdentifier>{16560ef8-01b3-4404-8f83-ae71e95b7d94}</UniqueIdentifier>
    </Filter>
    <Filter Include="ソース ファイル\Scene\Effect\ChangeScene">
      <UniqueIdentifier>{df135600-a702-40e3-bd43-089808a7740d}</UniqueIdentifier>
    </Filter>
    <Filter Include="ソース ファイル\Menu\SettingManager\SetUpSetting\Audio">
      <UniqueIdentifier>{952644be-d1e6-45e6-9e19-989cc9cd1908}</UniqueIdentifier>
    </Filter>
    <Filter Include="ソース ファイル\Menu\SettingManager\SetUpSetting\BackScene">
      <UniqueIdentifier>{ed0bc319-167a-4e55-876e-3a00fc503f3d}</UniqueIdentifier>
    </Filter>
    <Filter Include="ソース ファイル\Scene\Effect\FadeInOut">
      <UniqueIdentifier>{ee0fa89d-4a4f-4762-9267-d8865f6d6331}</UniqueIdentifier>
    </Filter>
    <Filter Include="ソース ファイル\Scene\Effect\SideInOut">
      <UniqueIdentifier>{3e4f6c65-3548-4aef-b8cc-66f31a8e2a27}</UniqueIdentifier>
    </Filter>
    <Filter Include="ソース ファイル\Scene\GalleryScene\BarManager">
      <UniqueIdentifier>{c3cab5e0-9933-4681-aabd-170950e8e3d3}</UniqueIdentifier>
    </Filter>
    <Filter Include="ソース ファイル\Exit">
      <UniqueIdentifier>{ff63267e-2fb4-483c-a78f-9e6dbcd28ec3}</UniqueIdentifier>
    </Filter>
    <Filter Include="ソース ファイル\Input">
      <UniqueIdentifier>{5e9cd43e-99be-488f-8bbe-a2e363fc141b}</UniqueIdentifier>
    </Filter>
    <Filter Include="ソース ファイル\UI\Number">
      <UniqueIdentifier>{1171d990-f767-4839-881e-f0897e82f4fa}</UniqueIdentifier>
    </Filter>
    <Filter Include="ソース ファイル\Scene\GameScene\Animation">
      <UniqueIdentifier>{4512bafe-af36-476c-a717-8dbd9c8695d8}</UniqueIdentifier>
    </Filter>
    <Filter Include="ソース ファイル\Scene\GameScene\Animation\SlideInUI">
      <UniqueIdentifier>{13a6189c-f5f0-4cb6-adea-283081a36f25}</UniqueIdentifier>
    </Filter>
  </ItemGroup>
  <ItemGroup>
    <ClCompile Include="WinMain.cpp">
      <Filter>ソース ファイル</Filter>
    </ClCompile>
    <ClCompile Include="GameApp.cpp">
      <Filter>ソース ファイル</Filter>
    </ClCompile>
    <ClCompile Include="IBaseScene.cpp">
      <Filter>ソース ファイル\Interface</Filter>
    </ClCompile>
    <ClCompile Include="TitleScene.cpp">
      <Filter>ソース ファイル\Scene\TitleScene</Filter>
    </ClCompile>
    <ClCompile Include="StageSelectScene.cpp">
      <Filter>ソース ファイル\Scene\StageSelectScene</Filter>
    </ClCompile>
    <ClCompile Include="Menu.cpp">
      <Filter>ソース ファイル\Menu</Filter>
    </ClCompile>
    <ClCompile Include="Preview.cpp">
      <Filter>ソース ファイル\Scene\StageSelectScene</Filter>
    </ClCompile>
    <ClCompile Include="RemainingDumpUI.cpp">
      <Filter>ソース ファイル\Scene\GameScene\FieldUI\RemainningDump</Filter>
    </ClCompile>
    <ClCompile Include="RemainingIcon.cpp">
      <Filter>ソース ファイル\Scene\GameScene\FieldUI\RemainningDump</Filter>
    </ClCompile>
    <ClCompile Include="EnergyBar.cpp">
      <Filter>ソース ファイル\Scene\GameScene\FieldUI\EnergyUI</Filter>
    </ClCompile>
    <ClCompile Include="EnergyVessels.cpp">
      <Filter>ソース ファイル\Scene\GameScene\FieldUI\EnergyUI</Filter>
    </ClCompile>
    <ClCompile Include="SliderBar.cpp">
      <Filter>ソース ファイル\UI\Slider</Filter>
    </ClCompile>
    <ClCompile Include="Slider.cpp">
      <Filter>ソース ファイル\UI\Slider</Filter>
    </ClCompile>
    <ClCompile Include="SliderButton.cpp">
      <Filter>ソース ファイル\UI\Slider</Filter>
    </ClCompile>
    <ClCompile Include="Button.cpp">
      <Filter>ソース ファイル\UI\Button</Filter>
    </ClCompile>
    <ClCompile Include="IBaseAccessories.cpp">
      <Filter>ソース ファイル\Interface</Filter>
    </ClCompile>
    <ClCompile Include="IBaseSetting.cpp">
      <Filter>ソース ファイル\Interface</Filter>
    </ClCompile>
    <ClCompile Include="EndGameProcess.cpp">
      <Filter>ソース ファイル\Scene\GameScene\EndGameProcess</Filter>
    </ClCompile>
    <ClCompile Include="IBaseEndGameProcess.cpp">
      <Filter>ソース ファイル\Interface</Filter>
    </ClCompile>
    <ClCompile Include="Field.cpp">
      <Filter>ソース ファイル\Scene\GameScene\Field</Filter>
    </ClCompile>
    <ClCompile Include="Block.cpp">
      <Filter>ソース ファイル\Scene\GameScene\Field\BlockManager</Filter>
    </ClCompile>
    <ClCompile Include="BlockManager.cpp">
      <Filter>ソース ファイル\Scene\GameScene\Field\BlockManager</Filter>
    </ClCompile>
    <ClCompile Include="BlockOnObject.cpp">
      <Filter>ソース ファイル\Scene\GameScene\Field\BlockManager</Filter>
    </ClCompile>
    <ClCompile Include="Wall.cpp">
      <Filter>ソース ファイル\Scene\GameScene\Field\BlockManager</Filter>
    </ClCompile>
    <ClCompile Include="FieldUI.cpp">
      <Filter>ソース ファイル\Scene\GameScene\FieldUI</Filter>
    </ClCompile>
    <ClCompile Include="Dump.cpp">
      <Filter>ソース ファイル\Scene\GameScene\Field\BlockManager\Object</Filter>
    </ClCompile>
    <ClCompile Include="Item.cpp">
      <Filter>ソース ファイル\Scene\GameScene\Field\BlockManager\Object</Filter>
    </ClCompile>
    <ClCompile Include="Object.cpp">
      <Filter>ソース ファイル\Scene\GameScene\Field\BlockManager\Object</Filter>
    </ClCompile>
    <ClCompile Include="GameScene.cpp">
      <Filter>ソース ファイル\Scene\GameScene</Filter>
    </ClCompile>
    <ClCompile Include="SettingManager.cpp">
      <Filter>ソース ファイル\Menu\SettingManager</Filter>
    </ClCompile>
    <ClCompile Include="Bar.cpp">
      <Filter>ソース ファイル\Scene\StageSelectScene\BarManager</Filter>
    </ClCompile>
    <ClCompile Include="BarManager.cpp">
      <Filter>ソース ファイル\Scene\StageSelectScene\BarManager</Filter>
    </ClCompile>
    <ClCompile Include="ContactFile.cpp">
      <Filter>ソース ファイル\Scene\ContactFile</Filter>
    </ClCompile>
    <ClCompile Include="CreateField.cpp">
      <Filter>ソース ファイル\Scene\ContactFile</Filter>
    </ClCompile>
    <ClCompile Include="SceneManager.cpp">
      <Filter>ソース ファイル\Scene</Filter>
    </ClCompile>
    <ClCompile Include="Doll.cpp">
      <Filter>ソース ファイル\Scene\GameScene\Field\Doll</Filter>
    </ClCompile>
    <ClCompile Include="OperateDoll.cpp">
      <Filter>ソース ファイル\Scene\GameScene\Field\Doll</Filter>
    </ClCompile>
    <ClCompile Include="GameClear.cpp">
      <Filter>ソース ファイル\Scene\GameScene\EndGameProcess\GameClear</Filter>
    </ClCompile>
    <ClCompile Include="GameOver.cpp">
      <Filter>ソース ファイル\Scene\GameScene\EndGameProcess\GameOver</Filter>
    </ClCompile>
    <ClCompile Include="GalleryScene.cpp">
      <Filter>ソース ファイル\Scene\GalleryScene</Filter>
    </ClCompile>
    <ClCompile Include="GalleryTexture.cpp">
      <Filter>ソース ファイル\Scene\GalleryScene</Filter>
    </ClCompile>
    <ClCompile Include="SetFieldData.cpp">
      <Filter>ソース ファイル\Scene\ContactFile</Filter>
    </ClCompile>
    <ClCompile Include="GalleryCoin.cpp">
      <Filter>ソース ファイル\Scene\GameScene\Field\BlockManager\Object</Filter>
    </ClCompile>
    <ClCompile Include="GameClearDollAnimation.cpp">
      <Filter>ソース ファイル\Scene\GameScene\EndGameProcess\GameClear\Animation</Filter>
    </ClCompile>
    <ClCompile Include="EndGameButtonAnimation.cpp">
      <Filter>ソース ファイル\Scene\GameScene\EndGameProcess\EndGameButton</Filter>
    </ClCompile>
    <ClCompile Include="EndGameButtonManager.cpp">
      <Filter>ソース ファイル\Scene\GameScene\EndGameProcess\EndGameButton</Filter>
    </ClCompile>
    <ClCompile Include="GameOverDollAnimation .cpp">
      <Filter>ソース ファイル\Scene\GameScene\EndGameProcess\GameOver\Animation</Filter>
    </ClCompile>
    <ClCompile Include="TitleLogoAnimation.cpp">
      <Filter>ソース ファイル\Scene\TitleScene\Animation</Filter>
    </ClCompile>
    <ClCompile Include="TitleClickAnimation.cpp">
      <Filter>ソース ファイル\Scene\TitleScene\Animation</Filter>
    </ClCompile>
    <ClCompile Include="Tutorial.cpp">
      <Filter>ソース ファイル\Scene\GameScene\Tutorial</Filter>
    </ClCompile>
    <ClCompile Include="EndTutorial.cpp">
      <Filter>ソース ファイル\Scene\GameScene\EndGameProcess\EndTutorial</Filter>
    </ClCompile>
    <ClCompile Include="EndTutorialBackGround.cpp">
      <Filter>ソース ファイル\Scene\GameScene\EndGameProcess\EndTutorial\Animation</Filter>
    </ClCompile>
    <ClCompile Include="EndTutorialLogoAnimation.cpp">
      <Filter>ソース ファイル\Scene\GameScene\EndGameProcess\EndTutorial\Animation</Filter>
    </ClCompile>
    <ClCompile Include="EndTutorialDollAnimation.cpp">
      <Filter>ソース ファイル\Scene\GameScene\EndGameProcess\EndTutorial\Animation</Filter>
    </ClCompile>
    <ClCompile Include="StageSelectLogo.cpp">
      <Filter>ソース ファイル\Scene\StageSelectScene\Animation</Filter>
    </ClCompile>
    <ClCompile Include="StageSelectDialog.cpp">
      <Filter>ソース ファイル\Scene\StageSelectScene\Animation</Filter>
    </ClCompile>
    <ClCompile Include="StageSelectBackGround.cpp">
      <Filter>ソース ファイル\Scene\StageSelectScene</Filter>
    </ClCompile>
    <ClCompile Include="DollBroomAnimation.cpp">
      <Filter>ソース ファイル\Scene\GameScene\Field\Doll\Animation</Filter>
    </ClCompile>
    <ClCompile Include="DollMopAnimation.cpp">
      <Filter>ソース ファイル\Scene\GameScene\Field\Doll\Animation</Filter>
    </ClCompile>
    <ClCompile Include="AudioMixer.cpp">
      <Filter>ソース ファイル\Sound</Filter>
    </ClCompile>
    <ClCompile Include="IBaseSound.cpp">
      <Filter>ソース ファイル\Interface</Filter>
    </ClCompile>
    <ClCompile Include="BackGround.cpp">
      <Filter>ソース ファイル\UI\BackGround</Filter>
    </ClCompile>
    <ClCompile Include="AudioSetting.cpp">
      <Filter>ソース ファイル\Menu\SettingManager\SetUpSetting\Audio</Filter>
    </ClCompile>
    <ClCompile Include="BackSceneSetting.cpp">
      <Filter>ソース ファイル\Menu\SettingManager\SetUpSetting\BackScene</Filter>
    </ClCompile>
    <ClCompile Include="SetUpSetting.cpp">
      <Filter>ソース ファイル\Menu\SettingManager\SetUpSetting</Filter>
    </ClCompile>
    <ClCompile Include="Trim.cpp">
      <Filter>ソース ファイル\Utility\Trim</Filter>
    </ClCompile>
    <ClCompile Include="ChangeSceneEffect.cpp">
      <Filter>ソース ファイル\Scene\Effect\ChangeScene</Filter>
    </ClCompile>
    <ClCompile Include="FadeIn.cpp">
      <Filter>ソース ファイル\Scene\Effect\FadeInOut</Filter>
    </ClCompile>
    <ClCompile Include="FadeOut.cpp">
      <Filter>ソース ファイル\Scene\Effect\FadeInOut</Filter>
    </ClCompile>
    <ClCompile Include="SideIn.cpp">
      <Filter>ソース ファイル\Scene\Effect\SideInOut</Filter>
    </ClCompile>
    <ClCompile Include="SideOut.cpp">
      <Filter>ソース ファイル\Scene\Effect\SideInOut</Filter>
    </ClCompile>
    <ClCompile Include="GalleryBarManager.cpp">
      <Filter>ソース ファイル\Scene\GalleryScene\BarManager</Filter>
    </ClCompile>
    <ClCompile Include="GalleryBar.cpp">
      <Filter>ソース ファイル\Scene\GalleryScene\BarManager</Filter>
    </ClCompile>
    <ClCompile Include="BGM.cpp">
      <Filter>ソース ファイル\Sound</Filter>
    </ClCompile>
    <ClCompile Include="SE.cpp">
      <Filter>ソース ファイル\Sound</Filter>
    </ClCompile>
    <ClCompile Include="AudioMixer.cpp">
      <Filter>ソース ファイル\Sound</Filter>
    </ClCompile>
    <ClCompile Include="IBaseSound.cpp">
      <Filter>ソース ファイル\Interface</Filter>
    </ClCompile>
    <ClCompile Include="DollMoveSetting.cpp">
      <Filter>ソース ファイル\Menu\SettingManager\SetUpSetting</Filter>
    </ClCompile>
    <ClCompile Include="DollMoveSetting.cpp">
      <Filter>ソース ファイル\Menu\SettingManager\SetUpSetting</Filter>
    </ClCompile>
    <ClCompile Include="MoveBackGround.cpp">
      <Filter>ソース ファイル\UI\BackGround</Filter>
    </ClCompile>
    <ClCompile Include="Trim.cpp">
      <Filter>ソース ファイル\Utility\Trim</Filter>
    </ClCompile>
    <ClCompile Include="TitleSceneTransition.cpp">
      <Filter>ソース ファイル\Scene\TitleScene</Filter>
    </ClCompile>
    <ClCompile Include="ClearletterAnimation.cpp">
      <Filter>ソース ファイル\Scene\GameScene\Animation</Filter>
    </ClCompile>
    <ClCompile Include="GameStartAnimation.cpp">
      <Filter>ソース ファイル\Scene\GameScene\Animation</Filter>
    </ClCompile>
    <ClCompile Include="Input.cpp">
      <Filter>ソース ファイル\Input</Filter>
    </ClCompile>
    <ClCompile Include="ExitGame.cpp">
      <Filter>ソース ファイル\Exit</Filter>
    </ClCompile>
    <ClCompile Include="SideIn.cpp">
      <Filter>ソース ファイル\Scene\Effect\SideInOut</Filter>
    </ClCompile>
    <ClCompile Include="SideOut.cpp">
      <Filter>ソース ファイル\Scene\Effect\SideInOut</Filter>
    </ClCompile>
    <ClCompile Include="WindowProc.cpp">
      <Filter>ソース ファイル\Exit</Filter>
    </ClCompile>
    <ClCompile Include="GameStartAnimation.cpp">
      <Filter>ソース ファイル</Filter>
    </ClCompile>
    <ClCompile Include="ClearletterAnimation.cpp">
      <Filter>ソース ファイル\Scene\GameScene\Field</Filter>
    </ClCompile>
    <ClCompile Include="Number.cpp">
      <Filter>ソース ファイル\UI\Number</Filter>
    </ClCompile>
    <ClCompile Include="SlideInUI.cpp">
      <Filter>ソース ファイル\Scene\GameScene\Animation\SlideInUI</Filter>
    </ClCompile>
    <ClCompile Include="SlideInUI.cpp">
      <Filter>ソース ファイル\Scene\GameScene\Animation\SlideInUI</Filter>
    </ClCompile>
    <ClCompile Include="EnergyAnimation.cpp">
      <Filter>ソース ファイル\Scene\GameScene\FieldUI</Filter>
    </ClCompile>
    <ClCompile Include="GameOverAnimation.cpp">
      <Filter>ソース ファイル\Scene\GameScene\EndGameProcess\GameOver\Animation</Filter>
    </ClCompile>
    <ClCompile Include="GameClearAnimation.cpp">
      <Filter>ソース ファイル\Scene\GameScene\EndGameProcess\GameClear\Animation</Filter>
    </ClCompile>
  </ItemGroup>
  <ItemGroup>
    <ClInclude Include="GameApp.h">
      <Filter>ソース ファイル</Filter>
    </ClInclude>
    <ClInclude Include="IBaseScene.h">
      <Filter>ソース ファイル\Interface</Filter>
    </ClInclude>
    <ClInclude Include="TitleScene.h">
      <Filter>ソース ファイル\Scene\TitleScene</Filter>
    </ClInclude>
    <ClInclude Include="StageSelectScene.h">
      <Filter>ソース ファイル\Scene\StageSelectScene</Filter>
    </ClInclude>
    <ClInclude Include="Menu.h">
      <Filter>ソース ファイル\Menu</Filter>
    </ClInclude>
    <ClInclude Include="resource.h">
      <Filter>リソース ファイル</Filter>
    </ClInclude>
    <ClInclude Include="Preview.h">
      <Filter>ソース ファイル\Scene\StageSelectScene</Filter>
    </ClInclude>
    <ClInclude Include="RemainingDumpUI.h">
      <Filter>ソース ファイル\Scene\GameScene\FieldUI\RemainningDump</Filter>
    </ClInclude>
    <ClInclude Include="RemainingIcon.h">
      <Filter>ソース ファイル\Scene\GameScene\FieldUI\RemainningDump</Filter>
    </ClInclude>
    <ClInclude Include="EnergyBar.h">
      <Filter>ソース ファイル\Scene\GameScene\FieldUI\EnergyUI</Filter>
    </ClInclude>
    <ClInclude Include="EnergyVessels.h">
      <Filter>ソース ファイル\Scene\GameScene\FieldUI\EnergyUI</Filter>
    </ClInclude>
    <ClInclude Include="Slider.h">
      <Filter>ソース ファイル\UI\Slider</Filter>
    </ClInclude>
    <ClInclude Include="SliderBar.h">
      <Filter>ソース ファイル\UI\Slider</Filter>
    </ClInclude>
    <ClInclude Include="SliderButton.h">
      <Filter>ソース ファイル\UI\Slider</Filter>
    </ClInclude>
    <ClInclude Include="Button.h">
      <Filter>ソース ファイル\UI\Button</Filter>
    </ClInclude>
    <ClInclude Include="IBaseAccessories.h">
      <Filter>ソース ファイル\Interface</Filter>
    </ClInclude>
    <ClInclude Include="IBaseSetting.h">
      <Filter>ソース ファイル\Interface</Filter>
    </ClInclude>
    <ClInclude Include="EndGameProcess.h">
      <Filter>ソース ファイル\Scene\GameScene\EndGameProcess</Filter>
    </ClInclude>
    <ClInclude Include="IBaseEndGameProcess.h">
      <Filter>ソース ファイル\Interface</Filter>
    </ClInclude>
    <ClInclude Include="Field.h">
      <Filter>ソース ファイル\Scene\GameScene\Field</Filter>
    </ClInclude>
    <ClInclude Include="Block.h">
      <Filter>ソース ファイル\Scene\GameScene\Field\BlockManager</Filter>
    </ClInclude>
    <ClInclude Include="BlockManager.h">
      <Filter>ソース ファイル\Scene\GameScene\Field\BlockManager</Filter>
    </ClInclude>
    <ClInclude Include="BlockOnObject.h">
      <Filter>ソース ファイル\Scene\GameScene\Field\BlockManager</Filter>
    </ClInclude>
    <ClInclude Include="Wall.h">
      <Filter>ソース ファイル\Scene\GameScene\Field\BlockManager</Filter>
    </ClInclude>
    <ClInclude Include="FieldUI.h">
      <Filter>ソース ファイル\Scene\GameScene\FieldUI</Filter>
    </ClInclude>
    <ClInclude Include="Dump.h">
      <Filter>ソース ファイル\Scene\GameScene\Field\BlockManager\Object</Filter>
    </ClInclude>
    <ClInclude Include="Item.h">
      <Filter>ソース ファイル\Scene\GameScene\Field\BlockManager\Object</Filter>
    </ClInclude>
    <ClInclude Include="Object.h">
      <Filter>ソース ファイル\Scene\GameScene\Field\BlockManager\Object</Filter>
    </ClInclude>
    <ClInclude Include="GameScene.h">
      <Filter>ソース ファイル\Scene\GameScene</Filter>
    </ClInclude>
    <ClInclude Include="SettingManager.h">
      <Filter>ソース ファイル\Menu\SettingManager</Filter>
    </ClInclude>
    <ClInclude Include="Bar.h">
      <Filter>ソース ファイル\Scene\StageSelectScene\BarManager</Filter>
    </ClInclude>
    <ClInclude Include="BarManager.h">
      <Filter>ソース ファイル\Scene\StageSelectScene\BarManager</Filter>
    </ClInclude>
    <ClInclude Include="CreateField.h">
      <Filter>ソース ファイル\Scene\ContactFile</Filter>
    </ClInclude>
    <ClInclude Include="ContactFile.h">
      <Filter>ソース ファイル\Scene\ContactFile</Filter>
    </ClInclude>
    <ClInclude Include="SceneManager.h">
      <Filter>ソース ファイル\Scene</Filter>
    </ClInclude>
    <ClInclude Include="Doll.h">
      <Filter>ソース ファイル\Scene\GameScene\Field\Doll</Filter>
    </ClInclude>
    <ClInclude Include="OperateDoll.h">
      <Filter>ソース ファイル\Scene\GameScene\Field\Doll</Filter>
    </ClInclude>
    <ClInclude Include="GameClear.h">
      <Filter>ソース ファイル\Scene\GameScene\EndGameProcess\GameClear</Filter>
    </ClInclude>
    <ClInclude Include="GameOver.h">
      <Filter>ソース ファイル\Scene\GameScene\EndGameProcess\GameOver</Filter>
    </ClInclude>
    <ClInclude Include="GalleryScene.h">
      <Filter>ソース ファイル\Scene\GalleryScene</Filter>
    </ClInclude>
    <ClInclude Include="GalleryTexture.h">
      <Filter>ソース ファイル\Scene\GalleryScene</Filter>
    </ClInclude>
    <ClInclude Include="SetFieldData.h">
      <Filter>ソース ファイル\Scene\ContactFile</Filter>
    </ClInclude>
    <ClInclude Include="GalleryCoin.h">
      <Filter>ソース ファイル\Scene\GameScene\Field\BlockManager\Object</Filter>
    </ClInclude>
    <ClInclude Include="GameClearDollAnimation.h">
      <Filter>ソース ファイル\Scene\GameScene\EndGameProcess\GameClear\Animation</Filter>
    </ClInclude>
    <ClInclude Include="EndGameButtonAnimation.h">
      <Filter>ソース ファイル\Scene\GameScene\EndGameProcess\EndGameButton</Filter>
    </ClInclude>
    <ClInclude Include="GameOverDollAnimation.h">
      <Filter>ソース ファイル\Scene\GameScene\EndGameProcess\GameOver\Animation</Filter>
    </ClInclude>
    <ClInclude Include="TitleLogoAnimation.h">
      <Filter>ソース ファイル\Scene\TitleScene\Animation</Filter>
    </ClInclude>
    <ClInclude Include="TitleClickAnimation.h">
      <Filter>ソース ファイル\Scene\TitleScene\Animation</Filter>
    </ClInclude>
    <ClInclude Include="Tutorial.h">
      <Filter>ソース ファイル\Scene\GameScene\Tutorial</Filter>
    </ClInclude>
    <ClInclude Include="EndTutorial.h">
      <Filter>ソース ファイル\Scene\GameScene\EndGameProcess\EndTutorial</Filter>
    </ClInclude>
    <ClInclude Include="EndGameButtonManager.h">
      <Filter>ソース ファイル\Scene\GameScene\EndGameProcess\EndGameButton</Filter>
    </ClInclude>
    <ClInclude Include="EndTutorialBackGround.h">
      <Filter>ソース ファイル\Scene\GameScene\EndGameProcess\EndTutorial\Animation</Filter>
    </ClInclude>
    <ClInclude Include="EndTutorialDollAnimation.h">
      <Filter>ソース ファイル\Scene\GameScene\EndGameProcess\EndTutorial\Animation</Filter>
    </ClInclude>
    <ClInclude Include="EndTutorialLogoAnimation.h">
      <Filter>ソース ファイル\Scene\GameScene\EndGameProcess\EndTutorial\Animation</Filter>
    </ClInclude>
    <ClInclude Include="GalleryCoin.h">
      <Filter>ソース ファイル\Scene\GameScene\Field\BlockManager\Object</Filter>
    </ClInclude>
    <ClInclude Include="StageSelectLogo.h">
      <Filter>ソース ファイル\Scene\StageSelectScene\Animation</Filter>
    </ClInclude>
    <ClInclude Include="StageSelectDialog.h">
      <Filter>ソース ファイル\Scene\StageSelectScene\Animation</Filter>
    </ClInclude>
    <ClInclude Include="StageSelectBackGround.h">
      <Filter>ソース ファイル\Scene\StageSelectScene</Filter>
    </ClInclude>
    <ClInclude Include="DollBroomAnimation.h">
      <Filter>ソース ファイル\Scene\GameScene\Field\Doll\Animation</Filter>
    </ClInclude>
    <ClInclude Include="DollMopAnimation.h">
      <Filter>ソース ファイル\Scene\GameScene\Field\Doll\Animation</Filter>
    </ClInclude>
    <ClInclude Include="DollMopAnimation.h">
      <Filter>ソース ファイル\Scene\GameScene\Field\Doll\Animation</Filter>
    </ClInclude>
    <ClInclude Include="BGM.h">
      <Filter>ソース ファイル\Sound</Filter>
    </ClInclude>
    <ClInclude Include="AudioMixer.h">
      <Filter>ソース ファイル\Sound</Filter>
    </ClInclude>
    <ClInclude Include="IBaseSound.h">
      <Filter>ソース ファイル\Interface</Filter>
    </ClInclude>
    <ClInclude Include="BackGround.h">
      <Filter>ソース ファイル\UI\BackGround</Filter>
    </ClInclude>
    <ClInclude Include="BGM.h">
      <Filter>ソース ファイル\Sound\BGM</Filter>
    </ClInclude>
    <ClInclude Include="AudioSetting.h">
      <Filter>ソース ファイル\Menu\SettingManager\SetUpSetting\Audio</Filter>
    </ClInclude>
    <ClInclude Include="BackSceneSetting.h">
      <Filter>ソース ファイル\Menu\SettingManager\SetUpSetting\BackScene</Filter>
    </ClInclude>
    <ClInclude Include="SetUpSetting.h">
      <Filter>ソース ファイル\Menu\SettingManager\SetUpSetting</Filter>
    </ClInclude>
    <ClInclude Include="Trim.h">
      <Filter>ソース ファイル\Utility\Trim</Filter>
    </ClInclude>
    <ClInclude Include="ChangeSceneEffect.h">
      <Filter>ソース ファイル\Scene\Effect\ChangeScene</Filter>
    </ClInclude>
    <ClInclude Include="FadeIn.h">
      <Filter>ソース ファイル\Scene\Effect\FadeInOut</Filter>
    </ClInclude>
    <ClInclude Include="FadeOut.h">
      <Filter>ソース ファイル\Scene\Effect\FadeInOut</Filter>
    </ClInclude>
    <ClInclude Include="SideIn.h">
      <Filter>ソース ファイル\Scene\Effect\SideInOut</Filter>
    </ClInclude>
    <ClInclude Include="SideOut.h">
      <Filter>ソース ファイル\Scene\Effect\SideInOut</Filter>
    </ClInclude>
    <ClInclude Include="GalleryBar.h">
      <Filter>ソース ファイル\Scene\GalleryScene\BarManager</Filter>
    </ClInclude>
    <ClInclude Include="GalleryBarManager.h">
      <Filter>ソース ファイル\Scene\GalleryScene\BarManager</Filter>
    </ClInclude>
    <ClInclude Include="DollMoveSetting.h">
      <Filter>ソース ファイル\Menu\SettingManager\SetUpSetting</Filter>
    </ClInclude>
    <ClInclude Include="DollMoveSetting.h">
      <Filter>ソース ファイル\Menu\SettingManager\SetUpSetting</Filter>
    </ClInclude>
    <ClInclude Include="MoveBackGround.h">
      <Filter>ソース ファイル\UI\BackGround</Filter>
    </ClInclude>
    <ClInclude Include="Trim.h">
      <Filter>ソース ファイル\Utility\Trim</Filter>
    </ClInclude>
    <ClInclude Include="TitleSceneTransition.h">
      <Filter>ソース ファイル\Scene\TitleScene</Filter>
    </ClInclude>
    <ClInclude Include="SE.h">
      <Filter>ソース ファイル\Sound\SE</Filter>
    </ClInclude>
    <ClInclude Include="BGM.h">
      <Filter>ソース ファイル\Sound\BGM</Filter>
    </ClInclude>
    <ClInclude Include="ClearletterAnimation.h">
      <Filter>ソース ファイル\Scene\GameScene\Animation</Filter>
    </ClInclude>
    <ClInclude Include="GameStartAnimation.h">
      <Filter>ソース ファイル\Scene\GameScene\Animation</Filter>
    </ClInclude>
    <ClInclude Include="Input.h">
      <Filter>ソース ファイル\Input</Filter>
    </ClInclude>
    <ClInclude Include="ExitGame.h">
      <Filter>ソース ファイル\Exit</Filter>
    </ClInclude>
    <ClInclude Include="SideIn.h">
      <Filter>ソース ファイル\Scene\Effect\SideInOut</Filter>
    </ClInclude>
    <ClInclude Include="SideOut.h">
      <Filter>ソース ファイル\Scene\Effect\SideInOut</Filter>
    </ClInclude>
    <ClInclude Include="WindowProc.h">
      <Filter>ソース ファイル\Exit</Filter>
    </ClInclude>
    <ClInclude Include="GameStartAnimation.h" />
    <ClInclude Include="ClearletterAnimation.h">
      <Filter>ソース ファイル\Scene\GameScene\Field</Filter>
    </ClInclude>
    <ClInclude Include="Number.h">
      <Filter>ソース ファイル\UI\Number</Filter>
    </ClInclude>
    <ClInclude Include="SlideInUI.h">
      <Filter>ソース ファイル\Scene\GameScene\Animation\SlideInUI</Filter>
    </ClInclude>
    <ClInclude Include="SlideInUI.h">
      <Filter>ソース ファイル\Scene\GameScene\Animation\SlideInUI</Filter>
    </ClInclude>
    <ClInclude Include="EnergyAnimation.h">
      <Filter>ソース ファイル\Scene\GameScene\FieldUI</Filter>
    </ClInclude>
    <ClInclude Include="GameOverAnimation.h">
      <Filter>ソース ファイル\Scene\GameScene\EndGameProcess\GameOver\Animation</Filter>
    </ClInclude>
    <ClInclude Include="GameClearAnimation.h">
      <Filter>ソース ファイル\Scene\GameScene\EndGameProcess\GameClear\Animation</Filter>
    </ClInclude>
  </ItemGroup>
  <ItemGroup>
    <ResourceCompile Include="Version.rc">
      <Filter>リソース ファイル</Filter>
    </ResourceCompile>
  </ItemGroup>
  <ItemGroup>
    <Image Include="icon.ico">
      <Filter>リソース ファイル</Filter>
    </Image>
  </ItemGroup>
</Project>